{
  "name": "@roflsec/nodeloris",
  "version": "0.0.6",
  "lockfileVersion": 3,
  "requires": true,
  "packages": {
    "": {
      "name": "@roflsec/nodeloris",
      "version": "0.0.6",
      "license": "MIT",
      "dependencies": {
        "@roflsec/rofl": "^0.0.10"
      },
      "bin": {
        "nodeloris": "nodeloris.js"
      },
      "engines": {
        "node": ">=18"
      }
    },
    "node_modules/@roflsec/rofl": {
      "version": "0.0.10",
      "resolved": "https://registry.npmjs.org/@roflsec/rofl/-/rofl-0.0.10.tgz",
      "integrity": "sha512-14XGcKJlCegPwM9M/VvVQIemT+X0TtHBWHoLo8F29G7bdQGMgFjDfYfA+grmCUB8XXsO9CCvsyIiKbGZUgVD5g==",
      "license": "MIT"
    }
  }
}
